Microsoft Visual Studio Solution File, Format Version 9.00
# Visual Studio 2005
Project("{FAE04EC0-301F-11D3-BF4B-00C04F79EFBC}") = "Admin", "Admin.csproj", "{54C943DB-7725-4F52-BCE4-86C3D3D5A66E}"
EndProject
Project("{FAE04EC0-301F-11D3-BF4B-00C04F79EFBC}") = "WeSay.UI", "..\WeSay.UI\WeSay.UI.csproj", "{AC8F284C-7B34-4AC9-A7DE-FAF765456DFF}"
EndProject
Project("{FAE04EC0-301F-11D3-BF4B-00C04F79EFBC}") = "Language", "..\Language\Language.csproj", "{39DF05AB-8B2E-4CCA-8525-E0D6473E6E65}"
EndProject
Project("{FAE04EC0-301F-11D3-BF4B-00C04F79EFBC}") = "WeSay.UI.Tests", "..\WeSay.UI.Tests\WeSay.UI.Tests.csproj", "{6AED6785-CC6F-4A6A-BDB1-1895C6DA1090}"
EndProject
Project("{FAE04EC0-301F-11D3-BF4B-00C04F79EFBC}") = "Admin.Tests", "..\Admin.Tests\Admin.Tests.csproj", "{FB7CFBB8-D7D0-4E9D-96CF-7D3D0D947EB5}"
EndProject
Project("{FAE04EC0-301F-11D3-BF4B-00C04F79EFBC}") = "Language.Tests", "..\Language.Tests\Language.Tests.csproj", "{6366719E-DA80-4680-9E06-D9BC6F340DE3}"
EndProject
Project("{FAE04EC0-301F-11D3-BF4B-00C04F79EFBC}") = "NUnitForms", "..\..\lib\src\nunitforms\NUnitForms.csproj", "{C7342C9C-6E66-4AEA-BAEC-F40F26A22CA2}"
EndProject
Project("{FAE04EC0-301F-11D3-BF4B-00C04F79EFBC}") = "WeSay.Data", "..\WeSay.Data\WeSay.Data.csproj", "{600D0FD4-D189-41A0-9BC5-FC79AD2CF1CD}"
EndProject
Project("{FAE04EC0-301F-11D3-BF4B-00C04F79EFBC}") = "LexicalModel", "..\LexicalModel\LexicalModel.csproj", "{5F61C809-B6C0-4567-9603-B2198E1AD038}"
EndProject
Project("{FAE04EC0-301F-11D3-BF4B-00C04F79EFBC}") = "WeSay.App", "..\WeSay.App\WeSay.App.csproj", "{EFB9D66D-AF0F-4E45-A1AC-DB32981711D2}"
EndProject
Project("{FAE04EC0-301F-11D3-BF4B-00C04F79EFBC}") = "LexicalModel.Tests", "..\LexicalModel.Tests\LexicalModel.Tests.csproj", "{123D695C-0D5D-46E5-893F-39EC4E0B01B8}"
EndProject
Global
	GlobalSection(SolutionConfigurationPlatforms) = preSolution
		Debug|Any CPU = Debug|Any CPU
		Release|Any CPU = Release|Any CPU
	EndGlobalSection
	GlobalSection(ProjectConfigurationPlatforms) = postSolution
		{54C943DB-7725-4F52-BCE4-86C3D3D5A66E}.Debug|Any CPU.ActiveCfg = Debug|Any CPU
		{54C943DB-7725-4F52-BCE4-86C3D3D5A66E}.Debug|Any CPU.Build.0 = Debug|Any CPU
		{54C943DB-7725-4F52-BCE4-86C3D3D5A66E}.Release|Any CPU.ActiveCfg = Release|Any CPU
		{54C943DB-7725-4F52-BCE4-86C3D3D5A66E}.Release|Any CPU.Build.0 = Release|Any CPU
		{AC8F284C-7B34-4AC9-A7DE-FAF765456DFF}.Debug|Any CPU.ActiveCfg = Debug|Any CPU
		{AC8F284C-7B34-4AC9-A7DE-FAF765456DFF}.Debug|Any CPU.Build.0 = Debug|Any CPU
		{AC8F284C-7B34-4AC9-A7DE-FAF765456DFF}.Release|Any CPU.ActiveCfg = Release|Any CPU
		{AC8F284C-7B34-4AC9-A7DE-FAF765456DFF}.Release|Any CPU.Build.0 = Release|Any CPU
		{39DF05AB-8B2E-4CCA-8525-E0D6473E6E65}.Debug|Any CPU.ActiveCfg = Debug|Any CPU
		{39DF05AB-8B2E-4CCA-8525-E0D6473E6E65}.Debug|Any CPU.Build.0 = Debug|Any CPU
		{39DF05AB-8B2E-4CCA-8525-E0D6473E6E65}.Release|Any CPU.ActiveCfg = Release|Any CPU
		{39DF05AB-8B2E-4CCA-8525-E0D6473E6E65}.Release|Any CPU.Build.0 = Release|Any CPU
		{6AED6785-CC6F-4A6A-BDB1-1895C6DA1090}.Debug|Any CPU.ActiveCfg = Debug|Any CPU
		{6AED6785-CC6F-4A6A-BDB1-1895C6DA1090}.Debug|Any CPU.Build.0 = Debug|Any CPU
		{6AED6785-CC6F-4A6A-BDB1-1895C6DA1090}.Release|Any CPU.ActiveCfg = Release|Any CPU
		{6AED6785-CC6F-4A6A-BDB1-1895C6DA1090}.Release|Any CPU.Build.0 = Release|Any CPU
		{FB7CFBB8-D7D0-4E9D-96CF-7D3D0D947EB5}.Debug|Any CPU.ActiveCfg = Debug|Any CPU
		{FB7CFBB8-D7D0-4E9D-96CF-7D3D0D947EB5}.Debug|Any CPU.Build.0 = Debug|Any CPU
		{FB7CFBB8-D7D0-4E9D-96CF-7D3D0D947EB5}.Release|Any CPU.ActiveCfg = Release|Any CPU
		{FB7CFBB8-D7D0-4E9D-96CF-7D3D0D947EB5}.Release|Any CPU.Build.0 = Release|Any CPU
		{6366719E-DA80-4680-9E06-D9BC6F340DE3}.Debug|Any CPU.ActiveCfg = Debug|Any CPU
		{6366719E-DA80-4680-9E06-D9BC6F340DE3}.Debug|Any CPU.Build.0 = Debug|Any CPU
		{6366719E-DA80-4680-9E06-D9BC6F340DE3}.Release|Any CPU.ActiveCfg = Release|Any CPU
		{6366719E-DA80-4680-9E06-D9BC6F340DE3}.Release|Any CPU.Build.0 = Release|Any CPU
		{C7342C9C-6E66-4AEA-BAEC-F40F26A22CA2}.Debug|Any CPU.ActiveCfg = Debug|Any CPU
		{C7342C9C-6E66-4AEA-BAEC-F40F26A22CA2}.Debug|Any CPU.Build.0 = Debug|Any CPU
		{C7342C9C-6E66-4AEA-BAEC-F40F26A22CA2}.Release|Any CPU.ActiveCfg = Release|Any CPU
		{C7342C9C-6E66-4AEA-BAEC-F40F26A22CA2}.Release|Any CPU.Build.0 = Release|Any CPU
		{600D0FD4-D189-41A0-9BC5-FC79AD2CF1CD}.Debug|Any CPU.ActiveCfg = Debug|Any CPU
		{600D0FD4-D189-41A0-9BC5-FC79AD2CF1CD}.Debug|Any CPU.Build.0 = Debug|Any CPU
		{600D0FD4-D189-41A0-9BC5-FC79AD2CF1CD}.Release|Any CPU.ActiveCfg = Release|Any CPU
		{600D0FD4-D189-41A0-9BC5-FC79AD2CF1CD}.Release|Any CPU.Build.0 = Release|Any CPU
		{5F61C809-B6C0-4567-9603-B2198E1AD038}.Debug|Any CPU.ActiveCfg = Debug|Any CPU
		{5F61C809-B6C0-4567-9603-B2198E1AD038}.Debug|Any CPU.Build.0 = Debug|Any CPU
		{5F61C809-B6C0-4567-9603-B2198E1AD038}.Release|Any CPU.ActiveCfg = Release|Any CPU
		{5F61C809-B6C0-4567-9603-B2198E1AD038}.Release|Any CPU.Build.0 = Release|Any CPU
		{EFB9D66D-AF0F-4E45-A1AC-DB32981711D2}.Debug|Any CPU.ActiveCfg = Debug|Any CPU
		{EFB9D66D-AF0F-4E45-A1AC-DB32981711D2}.Debug|Any CPU.Build.0 = Debug|Any CPU
		{EFB9D66D-AF0F-4E45-A1AC-DB32981711D2}.Release|Any CPU.ActiveCfg = Release|Any CPU
		{EFB9D66D-AF0F-4E45-A1AC-DB32981711D2}.Release|Any CPU.Build.0 = Release|Any CPU
		{123D695C-0D5D-46E5-893F-39EC4E0B01B8}.Debug|Any CPU.ActiveCfg = Debug|Any CPU
		{123D695C-0D5D-46E5-893F-39EC4E0B01B8}.Debug|Any CPU.Build.0 = Debug|Any CPU
		{123D695C-0D5D-46E5-893F-39EC4E0B01B8}.Release|Any CPU.ActiveCfg = Release|Any CPU
		{123D695C-0D5D-46E5-893F-39EC4E0B01B8}.Release|Any CPU.Build.0 = Release|Any CPU
	EndGlobalSection
	GlobalSection(SolutionProperties) = preSolution
		HideSolutionNode = FALSE
	EndGlobalSection
EndGlobal
