Microsoft Visual Studio Solution File, Format Version 9.00
# Visual Studio 2005
Project("{FAE04EC0-301F-11D3-BF4B-00C04F79EFBC}") = "LexicalModel", "LexicalModel\LexicalModel.csproj", "{5F61C809-B6C0-4567-9603-B2198E1AD038}"
	ProjectSection(ProjectDependencies) = postProject
		{600D0FD4-D189-41A0-9BC5-FC79AD2CF1CD} = {600D0FD4-D189-41A0-9BC5-FC79AD2CF1CD}
	EndProjectSection
EndProject
Project("{FAE04EC0-301F-11D3-BF4B-00C04F79EFBC}") = "LexicalModel.Tests", "LexicalModel.Tests\LexicalModel.Tests.csproj", "{123D695C-0D5D-46E5-893F-39EC4E0B01B8}"
	ProjectSection(ProjectDependencies) = postProject
		{600D0FD4-D189-41A0-9BC5-FC79AD2CF1CD} = {600D0FD4-D189-41A0-9BC5-FC79AD2CF1CD}
	EndProjectSection
EndProject
Project("{FAE04EC0-301F-11D3-BF4B-00C04F79EFBC}") = "Language", "Language\Language.csproj", "{39DF05AB-8B2E-4CCA-8525-E0D6473E6E65}"
EndProject
Project("{FAE04EC0-301F-11D3-BF4B-00C04F79EFBC}") = "Language.Tests", "Language.Tests\Language.Tests.csproj", "{6366719E-DA80-4680-9E06-D9BC6F340DE3}"
EndProject
Project("{FAE04EC0-301F-11D3-BF4B-00C04F79EFBC}") = "WeSay.UI.Tests", "WeSay.UI.Tests\WeSay.UI.Tests.csproj", "{6AED6785-CC6F-4A6A-BDB1-1895C6DA1090}"
EndProject
Project("{FAE04EC0-301F-11D3-BF4B-00C04F79EFBC}") = "WeSay.App", "WeSay.App\WeSay.App.csproj", "{EFB9D66D-AF0F-4E45-A1AC-DB32981711D2}"
EndProject
Project("{FAE04EC0-301F-11D3-BF4B-00C04F79EFBC}") = "LexicalTools", "LexicalTools\LexicalTools.csproj", "{87AF0B02-2983-486D-857F-D1859535C234}"
	ProjectSection(ProjectDependencies) = postProject
		{600D0FD4-D189-41A0-9BC5-FC79AD2CF1CD} = {600D0FD4-D189-41A0-9BC5-FC79AD2CF1CD}
	EndProjectSection
EndProject
Project("{FAE04EC0-301F-11D3-BF4B-00C04F79EFBC}") = "CommonTools", "CommonTools\CommonTools.csproj", "{64726381-FEA8-47D5-A884-18AED42E93B6}"
EndProject
Project("{FAE04EC0-301F-11D3-BF4B-00C04F79EFBC}") = "WeSay.Data", "WeSay.Data\WeSay.Data.csproj", "{600D0FD4-D189-41A0-9BC5-FC79AD2CF1CD}"
EndProject
Project("{FAE04EC0-301F-11D3-BF4B-00C04F79EFBC}") = "WeSay.Data.Tests", "WeSay.Data.Tests\WeSay.Data.Tests.csproj", "{8491FEEE-C311-4B64-BB30-A1F1C1802F45}"
EndProject
Project("{FAE04EC0-301F-11D3-BF4B-00C04F79EFBC}") = "LexicalTools.Tests", "LexicalTools.Tests\LexicalTools.Tests.csproj", "{9936180C-90A7-467C-B761-EC184EFE1F9F}"
EndProject
Project("{FAE04EC0-301F-11D3-BF4B-00C04F79EFBC}") = "WeSay.App.Tests", "WeSay.App.Tests\WeSay.App.Tests.csproj", "{7DA57D98-255B-46DE-BF94-D163695A0568}"
EndProject
Project("{FAE04EC0-301F-11D3-BF4B-00C04F79EFBC}") = "PlatformSpecific", "PlatformSpecific\PlatformSpecific.csproj", "{55E6BAB0-9B46-4C89-8773-4432417C1ADF}"
EndProject
Project("{FAE04EC0-301F-11D3-BF4B-00C04F79EFBC}") = "MonoSpecific", "MonoSpecific\MonoSpecific.csproj", "{C7C9A512-40CE-4D8C-A8DE-48F41572E007}"
EndProject
Project("{FAE04EC0-301F-11D3-BF4B-00C04F79EFBC}") = "ListBox", "ListBox\ListBox\ListBox.csproj", "{3CB6560B-DA13-4348-BE4E-4E12E05A6559}"
EndProject
Project("{FAE04EC0-301F-11D3-BF4B-00C04F79EFBC}") = "ListBox.Tests", "ListBox.Tests\ListBox.Tests.csproj", "{8265C439-E652-4F70-A8D2-BFE7A2CA65E7}"
EndProject
Project("{FAE04EC0-301F-11D3-BF4B-00C04F79EFBC}") = "Admin", "Admin\Admin.csproj", "{54C943DB-7725-4F52-BCE4-86C3D3D5A66E}"
EndProject
Project("{54435603-DBB4-11D2-8724-00A0C9A8B90C}") = "SetupForWindows", "SetupForWindows\SetupForWindows.vdproj", "{25681973-4376-4BA1-BE26-C404EDF52F8B}"
EndProject
Project("{FAE04EC0-301F-11D3-BF4B-00C04F79EFBC}") = "WeSay.UI", "WeSay.UI\WeSay.UI.csproj", "{AC8F284C-7B34-4AC9-A7DE-FAF765456DFF}"
EndProject
Project("{FAE04EC0-301F-11D3-BF4B-00C04F79EFBC}") = "Admin.Tests", "Admin.Tests\Admin.Tests.csproj", "{FB7CFBB8-D7D0-4E9D-96CF-7D3D0D947EB5}"
EndProject
Project("{FAE04EC0-301F-11D3-BF4B-00C04F79EFBC}") = "NUnitForms", "..\lib\src\nunitforms\NUnitForms.csproj", "{C7342C9C-6E66-4AEA-BAEC-F40F26A22CA2}"
EndProject
Global
	GlobalSection(SolutionConfigurationPlatforms) = preSolution
		Debug|Any CPU = Debug|Any CPU
		Release|Any CPU = Release|Any CPU
	EndGlobalSection
	GlobalSection(ProjectConfigurationPlatforms) = postSolution
		{5F61C809-B6C0-4567-9603-B2198E1AD038}.Debug|Any CPU.ActiveCfg = Debug|Any CPU
		{5F61C809-B6C0-4567-9603-B2198E1AD038}.Debug|Any CPU.Build.0 = Debug|Any CPU
		{5F61C809-B6C0-4567-9603-B2198E1AD038}.Release|Any CPU.ActiveCfg = Release|Any CPU
		{5F61C809-B6C0-4567-9603-B2198E1AD038}.Release|Any CPU.Build.0 = Release|Any CPU
		{123D695C-0D5D-46E5-893F-39EC4E0B01B8}.Debug|Any CPU.ActiveCfg = Debug|Any CPU
		{123D695C-0D5D-46E5-893F-39EC4E0B01B8}.Debug|Any CPU.Build.0 = Debug|Any CPU
		{123D695C-0D5D-46E5-893F-39EC4E0B01B8}.Release|Any CPU.ActiveCfg = Release|Any CPU
		{123D695C-0D5D-46E5-893F-39EC4E0B01B8}.Release|Any CPU.Build.0 = Release|Any CPU
		{39DF05AB-8B2E-4CCA-8525-E0D6473E6E65}.Debug|Any CPU.ActiveCfg = Debug|Any CPU
		{39DF05AB-8B2E-4CCA-8525-E0D6473E6E65}.Debug|Any CPU.Build.0 = Debug|Any CPU
		{39DF05AB-8B2E-4CCA-8525-E0D6473E6E65}.Release|Any CPU.ActiveCfg = Release|Any CPU
		{39DF05AB-8B2E-4CCA-8525-E0D6473E6E65}.Release|Any CPU.Build.0 = Release|Any CPU
		{6366719E-DA80-4680-9E06-D9BC6F340DE3}.Debug|Any CPU.ActiveCfg = Debug|Any CPU
		{6366719E-DA80-4680-9E06-D9BC6F340DE3}.Debug|Any CPU.Build.0 = Debug|Any CPU
		{6366719E-DA80-4680-9E06-D9BC6F340DE3}.Release|Any CPU.ActiveCfg = Release|Any CPU
		{6366719E-DA80-4680-9E06-D9BC6F340DE3}.Release|Any CPU.Build.0 = Release|Any CPU
		{6AED6785-CC6F-4A6A-BDB1-1895C6DA1090}.Debug|Any CPU.ActiveCfg = Debug|Any CPU
		{6AED6785-CC6F-4A6A-BDB1-1895C6DA1090}.Debug|Any CPU.Build.0 = Debug|Any CPU
		{6AED6785-CC6F-4A6A-BDB1-1895C6DA1090}.Release|Any CPU.ActiveCfg = Release|Any CPU
		{6AED6785-CC6F-4A6A-BDB1-1895C6DA1090}.Release|Any CPU.Build.0 = Release|Any CPU
		{EFB9D66D-AF0F-4E45-A1AC-DB32981711D2}.Debug|Any CPU.ActiveCfg = Debug|Any CPU
		{EFB9D66D-AF0F-4E45-A1AC-DB32981711D2}.Debug|Any CPU.Build.0 = Debug|Any CPU
		{EFB9D66D-AF0F-4E45-A1AC-DB32981711D2}.Release|Any CPU.ActiveCfg = Release|Any CPU
		{EFB9D66D-AF0F-4E45-A1AC-DB32981711D2}.Release|Any CPU.Build.0 = Release|Any CPU
		{87AF0B02-2983-486D-857F-D1859535C234}.Debug|Any CPU.ActiveCfg = Debug|Any CPU
		{87AF0B02-2983-486D-857F-D1859535C234}.Debug|Any CPU.Build.0 = Debug|Any CPU
		{87AF0B02-2983-486D-857F-D1859535C234}.Release|Any CPU.ActiveCfg = Release|Any CPU
		{87AF0B02-2983-486D-857F-D1859535C234}.Release|Any CPU.Build.0 = Release|Any CPU
		{64726381-FEA8-47D5-A884-18AED42E93B6}.Debug|Any CPU.ActiveCfg = Debug|Any CPU
		{64726381-FEA8-47D5-A884-18AED42E93B6}.Debug|Any CPU.Build.0 = Debug|Any CPU
		{64726381-FEA8-47D5-A884-18AED42E93B6}.Release|Any CPU.ActiveCfg = Release|Any CPU
		{64726381-FEA8-47D5-A884-18AED42E93B6}.Release|Any CPU.Build.0 = Release|Any CPU
		{600D0FD4-D189-41A0-9BC5-FC79AD2CF1CD}.Debug|Any CPU.ActiveCfg = Debug|Any CPU
		{600D0FD4-D189-41A0-9BC5-FC79AD2CF1CD}.Debug|Any CPU.Build.0 = Debug|Any CPU
		{600D0FD4-D189-41A0-9BC5-FC79AD2CF1CD}.Release|Any CPU.ActiveCfg = Release|Any CPU
		{600D0FD4-D189-41A0-9BC5-FC79AD2CF1CD}.Release|Any CPU.Build.0 = Release|Any CPU
		{8491FEEE-C311-4B64-BB30-A1F1C1802F45}.Debug|Any CPU.ActiveCfg = Debug|Any CPU
		{8491FEEE-C311-4B64-BB30-A1F1C1802F45}.Debug|Any CPU.Build.0 = Debug|Any CPU
		{8491FEEE-C311-4B64-BB30-A1F1C1802F45}.Release|Any CPU.ActiveCfg = Release|Any CPU
		{8491FEEE-C311-4B64-BB30-A1F1C1802F45}.Release|Any CPU.Build.0 = Release|Any CPU
		{9936180C-90A7-467C-B761-EC184EFE1F9F}.Debug|Any CPU.ActiveCfg = Debug|Any CPU
		{9936180C-90A7-467C-B761-EC184EFE1F9F}.Debug|Any CPU.Build.0 = Debug|Any CPU
		{9936180C-90A7-467C-B761-EC184EFE1F9F}.Release|Any CPU.ActiveCfg = Release|Any CPU
		{9936180C-90A7-467C-B761-EC184EFE1F9F}.Release|Any CPU.Build.0 = Release|Any CPU
		{7DA57D98-255B-46DE-BF94-D163695A0568}.Debug|Any CPU.ActiveCfg = Debug|Any CPU
		{7DA57D98-255B-46DE-BF94-D163695A0568}.Debug|Any CPU.Build.0 = Debug|Any CPU
		{7DA57D98-255B-46DE-BF94-D163695A0568}.Release|Any CPU.ActiveCfg = Release|Any CPU
		{7DA57D98-255B-46DE-BF94-D163695A0568}.Release|Any CPU.Build.0 = Release|Any CPU
		{55E6BAB0-9B46-4C89-8773-4432417C1ADF}.Debug|Any CPU.ActiveCfg = Debug|Any CPU
		{55E6BAB0-9B46-4C89-8773-4432417C1ADF}.Debug|Any CPU.Build.0 = Debug|Any CPU
		{55E6BAB0-9B46-4C89-8773-4432417C1ADF}.Release|Any CPU.ActiveCfg = Release|Any CPU
		{55E6BAB0-9B46-4C89-8773-4432417C1ADF}.Release|Any CPU.Build.0 = Release|Any CPU
		{C7C9A512-40CE-4D8C-A8DE-48F41572E007}.Debug|Any CPU.ActiveCfg = Debug|Any CPU
		{C7C9A512-40CE-4D8C-A8DE-48F41572E007}.Debug|Any CPU.Build.0 = Debug|Any CPU
		{C7C9A512-40CE-4D8C-A8DE-48F41572E007}.Release|Any CPU.ActiveCfg = Release|Any CPU
		{C7C9A512-40CE-4D8C-A8DE-48F41572E007}.Release|Any CPU.Build.0 = Release|Any CPU
		{3CB6560B-DA13-4348-BE4E-4E12E05A6559}.Debug|Any CPU.ActiveCfg = Debug|Any CPU
		{3CB6560B-DA13-4348-BE4E-4E12E05A6559}.Debug|Any CPU.Build.0 = Debug|Any CPU
		{3CB6560B-DA13-4348-BE4E-4E12E05A6559}.Release|Any CPU.ActiveCfg = Release|Any CPU
		{3CB6560B-DA13-4348-BE4E-4E12E05A6559}.Release|Any CPU.Build.0 = Release|Any CPU
		{8265C439-E652-4F70-A8D2-BFE7A2CA65E7}.Debug|Any CPU.ActiveCfg = Debug|Any CPU
		{8265C439-E652-4F70-A8D2-BFE7A2CA65E7}.Debug|Any CPU.Build.0 = Debug|Any CPU
		{8265C439-E652-4F70-A8D2-BFE7A2CA65E7}.Release|Any CPU.ActiveCfg = Release|Any CPU
		{8265C439-E652-4F70-A8D2-BFE7A2CA65E7}.Release|Any CPU.Build.0 = Release|Any CPU
		{54C943DB-7725-4F52-BCE4-86C3D3D5A66E}.Debug|Any CPU.ActiveCfg = Debug|Any CPU
		{54C943DB-7725-4F52-BCE4-86C3D3D5A66E}.Debug|Any CPU.Build.0 = Debug|Any CPU
		{54C943DB-7725-4F52-BCE4-86C3D3D5A66E}.Release|Any CPU.ActiveCfg = Release|Any CPU
		{54C943DB-7725-4F52-BCE4-86C3D3D5A66E}.Release|Any CPU.Build.0 = Release|Any CPU
		{25681973-4376-4BA1-BE26-C404EDF52F8B}.Debug|Any CPU.ActiveCfg = Debug
		{25681973-4376-4BA1-BE26-C404EDF52F8B}.Release|Any CPU.ActiveCfg = Release
		{AC8F284C-7B34-4AC9-A7DE-FAF765456DFF}.Debug|Any CPU.ActiveCfg = Debug|Any CPU
		{AC8F284C-7B34-4AC9-A7DE-FAF765456DFF}.Debug|Any CPU.Build.0 = Debug|Any CPU
		{AC8F284C-7B34-4AC9-A7DE-FAF765456DFF}.Release|Any CPU.ActiveCfg = Release|Any CPU
		{AC8F284C-7B34-4AC9-A7DE-FAF765456DFF}.Release|Any CPU.Build.0 = Release|Any CPU
		{FB7CFBB8-D7D0-4E9D-96CF-7D3D0D947EB5}.Debug|Any CPU.ActiveCfg = Debug|Any CPU
		{FB7CFBB8-D7D0-4E9D-96CF-7D3D0D947EB5}.Debug|Any CPU.Build.0 = Debug|Any CPU
		{FB7CFBB8-D7D0-4E9D-96CF-7D3D0D947EB5}.Release|Any CPU.ActiveCfg = Release|Any CPU
		{FB7CFBB8-D7D0-4E9D-96CF-7D3D0D947EB5}.Release|Any CPU.Build.0 = Release|Any CPU
		{C7342C9C-6E66-4AEA-BAEC-F40F26A22CA2}.Debug|Any CPU.ActiveCfg = Debug|Any CPU
		{C7342C9C-6E66-4AEA-BAEC-F40F26A22CA2}.Debug|Any CPU.Build.0 = Debug|Any CPU
		{C7342C9C-6E66-4AEA-BAEC-F40F26A22CA2}.Release|Any CPU.ActiveCfg = Release|Any CPU
		{C7342C9C-6E66-4AEA-BAEC-F40F26A22CA2}.Release|Any CPU.Build.0 = Release|Any CPU
	EndGlobalSection
	GlobalSection(SolutionProperties) = preSolution
		HideSolutionNode = FALSE
	EndGlobalSection
	GlobalSection(ExtensibilityGlobals) = postSolution
		VisualSVNWorkingCopyRoot = ..
	EndGlobalSection
EndGlobal
