
Microsoft Visual Studio Solution File, Format Version 10.00
# Visual Studio 2008
Project("{FAE04EC0-301F-11D3-BF4B-00C04F79EFBC}") = "WeSay.Foundation", "WeSay.Foundation\WeSay.Foundation.csproj", "{F12EB680-0990-4900-B77E-0FBF2E28A815}"
EndProject
Project("{FAE04EC0-301F-11D3-BF4B-00C04F79EFBC}") = "Addin.Backup", "Addin.Backup\Addin.Backup.csproj", "{42FB4CC3-F2D1-4509-87DD-6BBD430CD4AB}"
EndProject
Project("{FAE04EC0-301F-11D3-BF4B-00C04F79EFBC}") = "WeSay.Project", "WeSay.Project\WeSay.Project.csproj", "{5CFD0BB3-5B2A-4911-B220-9C2286151BF0}"
EndProject
Project("{FAE04EC0-301F-11D3-BF4B-00C04F79EFBC}") = "WeSay.UI.Tests", "WeSay.UI.Tests\WeSay.UI.Tests.csproj", "{6AED6785-CC6F-4A6A-BDB1-1895C6DA1090}"
EndProject
Project("{FAE04EC0-301F-11D3-BF4B-00C04F79EFBC}") = "LexicalTools", "LexicalTools\LexicalTools.csproj", "{87AF0B02-2983-486D-857F-D1859535C234}"
	ProjectSection(ProjectDependencies) = postProject
		{600D0FD4-D189-41A0-9BC5-FC79AD2CF1CD} = {600D0FD4-D189-41A0-9BC5-FC79AD2CF1CD}
	EndProjectSection
EndProject
Project("{FAE04EC0-301F-11D3-BF4B-00C04F79EFBC}") = "WeSay.AddinLib", "WeSay.AddinLib\WeSay.AddinLib.csproj", "{E651E83C-94DD-4D6D-ABA2-C9FDA34FBA55}"
EndProject
Project("{FAE04EC0-301F-11D3-BF4B-00C04F79EFBC}") = "WeSay.ConfigTool", "WeSay.ConfigTool\WeSay.ConfigTool.csproj", "{54C943DB-7725-4F52-BCE4-86C3D3D5A66E}"
EndProject
Project("{FAE04EC0-301F-11D3-BF4B-00C04F79EFBC}") = "WeSay.UI", "WeSay.UI\WeSay.UI.csproj", "{AC8F284C-7B34-4AC9-A7DE-FAF765456DFF}"
EndProject
Project("{FAE04EC0-301F-11D3-BF4B-00C04F79EFBC}") = "WeSay.Data", "WeSay.Data\WeSay.Data.csproj", "{600D0FD4-D189-41A0-9BC5-FC79AD2CF1CD}"
EndProject
Project("{FAE04EC0-301F-11D3-BF4B-00C04F79EFBC}") = "Addin.LiftReports", "Addin.LiftReports\Addin.LiftReports.csproj", "{3CB2F52D-739C-442F-9C63-F38694690AC6}"
EndProject
Project("{FAE04EC0-301F-11D3-BF4B-00C04F79EFBC}") = "WeSay.App", "WeSay.App\WeSay.App.csproj", "{EFB9D66D-AF0F-4E45-A1AC-DB32981711D2}"
EndProject
Project("{FAE04EC0-301F-11D3-BF4B-00C04F79EFBC}") = "Addin.Transform.Tests", "Addin.Transform.Tests\Addin.Transform.Tests.csproj", "{19310CA3-6653-45E0-9EC8-F824629E2AD8}"
EndProject
Project("{FAE04EC0-301F-11D3-BF4B-00C04F79EFBC}") = "Addin.LiftReports.Tests", "Addin.LiftReports.Tests\Addin.LiftReports.Tests.csproj", "{DF2FDE4A-A7F5-4B20-B1E6-0ADB400DEF69}"
EndProject
Project("{FAE04EC0-301F-11D3-BF4B-00C04F79EFBC}") = "LexicalModel", "LexicalModel\LexicalModel.csproj", "{5F61C809-B6C0-4567-9603-B2198E1AD038}"
	ProjectSection(ProjectDependencies) = postProject
		{600D0FD4-D189-41A0-9BC5-FC79AD2CF1CD} = {600D0FD4-D189-41A0-9BC5-FC79AD2CF1CD}
	EndProjectSection
EndProject
Project("{FAE04EC0-301F-11D3-BF4B-00C04F79EFBC}") = "WeSay.AddinLib.Tests", "WeSay.AddinLib.Tests\WeSay.AddinLib.Tests.csproj", "{74DF4C01-660C-4CF4-9343-9330337BCBEA}"
EndProject
Project("{FAE04EC0-301F-11D3-BF4B-00C04F79EFBC}") = "LexicalModel.Tests", "LexicalModel.Tests\LexicalModel.Tests.csproj", "{123D695C-0D5D-46E5-893F-39EC4E0B01B8}"
	ProjectSection(ProjectDependencies) = postProject
		{600D0FD4-D189-41A0-9BC5-FC79AD2CF1CD} = {600D0FD4-D189-41A0-9BC5-FC79AD2CF1CD}
	EndProjectSection
EndProject
Project("{FAE04EC0-301F-11D3-BF4B-00C04F79EFBC}") = "Addin.Backup.Tests", "Addin.Backup.Tests\Addin.Backup.Tests.csproj", "{EF37C48F-EABC-478B-B7C1-2BDB33968A21}"
EndProject
Project("{FAE04EC0-301F-11D3-BF4B-00C04F79EFBC}") = "Addin.Transform", "Addin.Transform\Addin.Transform.csproj", "{9D196637-2D50-4604-A310-378083CEA809}"
EndProject
Project("{FAE04EC0-301F-11D3-BF4B-00C04F79EFBC}") = "WeSay.ConfigTool.Tests", "WeSay.ConfigTool.Tests\WeSay.ConfigTool.Tests.csproj", "{FB7CFBB8-D7D0-4E9D-96CF-7D3D0D947EB5}"
EndProject
Project("{FAE04EC0-301F-11D3-BF4B-00C04F79EFBC}") = "WeSay.Project.Tests", "WeSay.Project.Tests\WeSay.Project.Tests.csproj", "{F644C902-A952-4797-9E2D-19D6051DD032}"
EndProject
Project("{FAE04EC0-301F-11D3-BF4B-00C04F79EFBC}") = "WeSay.Data.Tests", "WeSay.Data.Tests\WeSay.Data.Tests.csproj", "{8491FEEE-C311-4B64-BB30-A1F1C1802F45}"
EndProject
Project("{FAE04EC0-301F-11D3-BF4B-00C04F79EFBC}") = "SampleDataProcessor", "Lift2WeSay\SampleDataProcessor.csproj", "{4408C857-0371-42BF-A635-E23C8A99A803}"
EndProject
Project("{FAE04EC0-301F-11D3-BF4B-00C04F79EFBC}") = "WeSay.App.Tests", "WeSay.App.Tests\WeSay.App.Tests.csproj", "{7DA57D98-255B-46DE-BF94-D163695A0568}"
EndProject
Project("{FAE04EC0-301F-11D3-BF4B-00C04F79EFBC}") = "LexicalTools.Tests", "LexicalTools.Tests\LexicalTools.Tests.csproj", "{9936180C-90A7-467C-B761-EC184EFE1F9F}"
EndProject
Global
	GlobalSection(SolutionConfigurationPlatforms) = preSolution
		Debug|Any CPU = Debug|Any CPU
		Debug|x86 = Debug|x86
		minimal|Any CPU = minimal|Any CPU
		minimal|x86 = minimal|x86
		Mono Debug|Any CPU = Mono Debug|Any CPU
		Mono Debug|x86 = Mono Debug|x86
		Mono Release|Any CPU = Mono Release|Any CPU
		Mono Release|x86 = Mono Release|x86
		Release|Any CPU = Release|Any CPU
		Release|x86 = Release|x86
	EndGlobalSection
	GlobalSection(ProjectConfigurationPlatforms) = postSolution
		{F12EB680-0990-4900-B77E-0FBF2E28A815}.Debug|Any CPU.ActiveCfg = Debug|Any CPU
		{F12EB680-0990-4900-B77E-0FBF2E28A815}.Debug|Any CPU.Build.0 = Debug|Any CPU
		{F12EB680-0990-4900-B77E-0FBF2E28A815}.Debug|x86.ActiveCfg = Debug|x86
		{F12EB680-0990-4900-B77E-0FBF2E28A815}.Debug|x86.Build.0 = Debug|x86
		{F12EB680-0990-4900-B77E-0FBF2E28A815}.minimal|Any CPU.ActiveCfg = Debug|Any CPU
		{F12EB680-0990-4900-B77E-0FBF2E28A815}.minimal|Any CPU.Build.0 = Debug|Any CPU
		{F12EB680-0990-4900-B77E-0FBF2E28A815}.minimal|x86.ActiveCfg = Mono Release|x86
		{F12EB680-0990-4900-B77E-0FBF2E28A815}.minimal|x86.Build.0 = Mono Release|x86
		{F12EB680-0990-4900-B77E-0FBF2E28A815}.Mono Debug|Any CPU.ActiveCfg = Mono Debug|Any CPU
		{F12EB680-0990-4900-B77E-0FBF2E28A815}.Mono Debug|Any CPU.Build.0 = Mono Debug|Any CPU
		{F12EB680-0990-4900-B77E-0FBF2E28A815}.Mono Debug|x86.ActiveCfg = Mono Debug|x86
		{F12EB680-0990-4900-B77E-0FBF2E28A815}.Mono Debug|x86.Build.0 = Mono Debug|x86
		{F12EB680-0990-4900-B77E-0FBF2E28A815}.Mono Release|Any CPU.ActiveCfg = Mono Release|Any CPU
		{F12EB680-0990-4900-B77E-0FBF2E28A815}.Mono Release|Any CPU.Build.0 = Mono Release|Any CPU
		{F12EB680-0990-4900-B77E-0FBF2E28A815}.Mono Release|x86.ActiveCfg = Mono Release|x86
		{F12EB680-0990-4900-B77E-0FBF2E28A815}.Mono Release|x86.Build.0 = Mono Release|x86
		{F12EB680-0990-4900-B77E-0FBF2E28A815}.Release|Any CPU.ActiveCfg = Release|Any CPU
		{F12EB680-0990-4900-B77E-0FBF2E28A815}.Release|Any CPU.Build.0 = Release|Any CPU
		{F12EB680-0990-4900-B77E-0FBF2E28A815}.Release|x86.ActiveCfg = Release|x86
		{F12EB680-0990-4900-B77E-0FBF2E28A815}.Release|x86.Build.0 = Release|x86
		{42FB4CC3-F2D1-4509-87DD-6BBD430CD4AB}.Debug|Any CPU.ActiveCfg = Debug|Any CPU
		{42FB4CC3-F2D1-4509-87DD-6BBD430CD4AB}.Debug|Any CPU.Build.0 = Debug|Any CPU
		{42FB4CC3-F2D1-4509-87DD-6BBD430CD4AB}.Debug|x86.ActiveCfg = Debug|x86
		{42FB4CC3-F2D1-4509-87DD-6BBD430CD4AB}.Debug|x86.Build.0 = Debug|x86
		{42FB4CC3-F2D1-4509-87DD-6BBD430CD4AB}.minimal|Any CPU.ActiveCfg = Debug|Any CPU
		{42FB4CC3-F2D1-4509-87DD-6BBD430CD4AB}.minimal|x86.ActiveCfg = Mono Release|x86
		{42FB4CC3-F2D1-4509-87DD-6BBD430CD4AB}.minimal|x86.Build.0 = Mono Release|x86
		{42FB4CC3-F2D1-4509-87DD-6BBD430CD4AB}.Mono Debug|Any CPU.ActiveCfg = Mono Debug|Any CPU
		{42FB4CC3-F2D1-4509-87DD-6BBD430CD4AB}.Mono Debug|Any CPU.Build.0 = Mono Debug|Any CPU
		{42FB4CC3-F2D1-4509-87DD-6BBD430CD4AB}.Mono Debug|x86.ActiveCfg = Mono Debug|x86
		{42FB4CC3-F2D1-4509-87DD-6BBD430CD4AB}.Mono Debug|x86.Build.0 = Mono Debug|x86
		{42FB4CC3-F2D1-4509-87DD-6BBD430CD4AB}.Mono Release|Any CPU.ActiveCfg = Mono Release|Any CPU
		{42FB4CC3-F2D1-4509-87DD-6BBD430CD4AB}.Mono Release|Any CPU.Build.0 = Mono Release|Any CPU
		{42FB4CC3-F2D1-4509-87DD-6BBD430CD4AB}.Mono Release|x86.ActiveCfg = Mono Release|x86
		{42FB4CC3-F2D1-4509-87DD-6BBD430CD4AB}.Mono Release|x86.Build.0 = Mono Release|x86
		{42FB4CC3-F2D1-4509-87DD-6BBD430CD4AB}.Release|Any CPU.ActiveCfg = Release|Any CPU
		{42FB4CC3-F2D1-4509-87DD-6BBD430CD4AB}.Release|Any CPU.Build.0 = Release|Any CPU
		{42FB4CC3-F2D1-4509-87DD-6BBD430CD4AB}.Release|x86.ActiveCfg = Release|x86
		{42FB4CC3-F2D1-4509-87DD-6BBD430CD4AB}.Release|x86.Build.0 = Release|x86
		{5CFD0BB3-5B2A-4911-B220-9C2286151BF0}.Debug|Any CPU.ActiveCfg = Debug|Any CPU
		{5CFD0BB3-5B2A-4911-B220-9C2286151BF0}.Debug|Any CPU.Build.0 = Debug|Any CPU
		{5CFD0BB3-5B2A-4911-B220-9C2286151BF0}.Debug|x86.ActiveCfg = Debug|x86
		{5CFD0BB3-5B2A-4911-B220-9C2286151BF0}.Debug|x86.Build.0 = Debug|x86
		{5CFD0BB3-5B2A-4911-B220-9C2286151BF0}.minimal|Any CPU.ActiveCfg = Debug|Any CPU
		{5CFD0BB3-5B2A-4911-B220-9C2286151BF0}.minimal|x86.ActiveCfg = Mono Release|x86
		{5CFD0BB3-5B2A-4911-B220-9C2286151BF0}.minimal|x86.Build.0 = Mono Release|x86
		{5CFD0BB3-5B2A-4911-B220-9C2286151BF0}.Mono Debug|Any CPU.ActiveCfg = Mono Debug|Any CPU
		{5CFD0BB3-5B2A-4911-B220-9C2286151BF0}.Mono Debug|Any CPU.Build.0 = Mono Debug|Any CPU
		{5CFD0BB3-5B2A-4911-B220-9C2286151BF0}.Mono Debug|x86.ActiveCfg = Mono Debug|x86
		{5CFD0BB3-5B2A-4911-B220-9C2286151BF0}.Mono Debug|x86.Build.0 = Mono Debug|x86
		{5CFD0BB3-5B2A-4911-B220-9C2286151BF0}.Mono Release|Any CPU.ActiveCfg = Mono Release|Any CPU
		{5CFD0BB3-5B2A-4911-B220-9C2286151BF0}.Mono Release|Any CPU.Build.0 = Mono Release|Any CPU
		{5CFD0BB3-5B2A-4911-B220-9C2286151BF0}.Mono Release|x86.ActiveCfg = Mono Release|x86
		{5CFD0BB3-5B2A-4911-B220-9C2286151BF0}.Mono Release|x86.Build.0 = Mono Release|x86
		{5CFD0BB3-5B2A-4911-B220-9C2286151BF0}.Release|Any CPU.ActiveCfg = Release|Any CPU
		{5CFD0BB3-5B2A-4911-B220-9C2286151BF0}.Release|Any CPU.Build.0 = Release|Any CPU
		{5CFD0BB3-5B2A-4911-B220-9C2286151BF0}.Release|x86.ActiveCfg = Release|x86
		{5CFD0BB3-5B2A-4911-B220-9C2286151BF0}.Release|x86.Build.0 = Release|x86
		{6AED6785-CC6F-4A6A-BDB1-1895C6DA1090}.Debug|Any CPU.ActiveCfg = Debug|Any CPU
		{6AED6785-CC6F-4A6A-BDB1-1895C6DA1090}.Debug|Any CPU.Build.0 = Debug|Any CPU
		{6AED6785-CC6F-4A6A-BDB1-1895C6DA1090}.Debug|x86.ActiveCfg = Debug|x86
		{6AED6785-CC6F-4A6A-BDB1-1895C6DA1090}.Debug|x86.Build.0 = Debug|x86
		{6AED6785-CC6F-4A6A-BDB1-1895C6DA1090}.minimal|Any CPU.ActiveCfg = Debug|Any CPU
		{6AED6785-CC6F-4A6A-BDB1-1895C6DA1090}.minimal|x86.ActiveCfg = Mono Release|x86
		{6AED6785-CC6F-4A6A-BDB1-1895C6DA1090}.minimal|x86.Build.0 = Mono Release|x86
		{6AED6785-CC6F-4A6A-BDB1-1895C6DA1090}.Mono Debug|Any CPU.ActiveCfg = Mono Debug|Any CPU
		{6AED6785-CC6F-4A6A-BDB1-1895C6DA1090}.Mono Debug|Any CPU.Build.0 = Mono Debug|Any CPU
		{6AED6785-CC6F-4A6A-BDB1-1895C6DA1090}.Mono Debug|x86.ActiveCfg = Mono Debug|x86
		{6AED6785-CC6F-4A6A-BDB1-1895C6DA1090}.Mono Debug|x86.Build.0 = Mono Debug|x86
		{6AED6785-CC6F-4A6A-BDB1-1895C6DA1090}.Mono Release|Any CPU.ActiveCfg = Mono Release|Any CPU
		{6AED6785-CC6F-4A6A-BDB1-1895C6DA1090}.Mono Release|x86.ActiveCfg = Mono Release|x86
		{6AED6785-CC6F-4A6A-BDB1-1895C6DA1090}.Mono Release|x86.Build.0 = Mono Release|x86
		{6AED6785-CC6F-4A6A-BDB1-1895C6DA1090}.Release|Any CPU.ActiveCfg = Release|Any CPU
		{6AED6785-CC6F-4A6A-BDB1-1895C6DA1090}.Release|Any CPU.Build.0 = Release|Any CPU
		{6AED6785-CC6F-4A6A-BDB1-1895C6DA1090}.Release|x86.ActiveCfg = Release|x86
		{6AED6785-CC6F-4A6A-BDB1-1895C6DA1090}.Release|x86.Build.0 = Release|x86
		{87AF0B02-2983-486D-857F-D1859535C234}.Debug|Any CPU.ActiveCfg = Debug|Any CPU
		{87AF0B02-2983-486D-857F-D1859535C234}.Debug|Any CPU.Build.0 = Debug|Any CPU
		{87AF0B02-2983-486D-857F-D1859535C234}.Debug|x86.ActiveCfg = Debug|x86
		{87AF0B02-2983-486D-857F-D1859535C234}.Debug|x86.Build.0 = Debug|x86
		{87AF0B02-2983-486D-857F-D1859535C234}.minimal|Any CPU.ActiveCfg = Debug|Any CPU
		{87AF0B02-2983-486D-857F-D1859535C234}.minimal|x86.ActiveCfg = Mono Release|x86
		{87AF0B02-2983-486D-857F-D1859535C234}.minimal|x86.Build.0 = Mono Release|x86
		{87AF0B02-2983-486D-857F-D1859535C234}.Mono Debug|Any CPU.ActiveCfg = Mono Debug|Any CPU
		{87AF0B02-2983-486D-857F-D1859535C234}.Mono Debug|Any CPU.Build.0 = Mono Debug|Any CPU
		{87AF0B02-2983-486D-857F-D1859535C234}.Mono Debug|x86.ActiveCfg = Mono Debug|x86
		{87AF0B02-2983-486D-857F-D1859535C234}.Mono Debug|x86.Build.0 = Mono Debug|x86
		{87AF0B02-2983-486D-857F-D1859535C234}.Mono Release|Any CPU.ActiveCfg = Mono Release|Any CPU
		{87AF0B02-2983-486D-857F-D1859535C234}.Mono Release|Any CPU.Build.0 = Mono Release|Any CPU
		{87AF0B02-2983-486D-857F-D1859535C234}.Mono Release|x86.ActiveCfg = Mono Release|x86
		{87AF0B02-2983-486D-857F-D1859535C234}.Mono Release|x86.Build.0 = Mono Release|x86
		{87AF0B02-2983-486D-857F-D1859535C234}.Release|Any CPU.ActiveCfg = Release|Any CPU
		{87AF0B02-2983-486D-857F-D1859535C234}.Release|Any CPU.Build.0 = Release|Any CPU
		{87AF0B02-2983-486D-857F-D1859535C234}.Release|x86.ActiveCfg = Release|x86
		{87AF0B02-2983-486D-857F-D1859535C234}.Release|x86.Build.0 = Release|x86
		{E651E83C-94DD-4D6D-ABA2-C9FDA34FBA55}.Debug|Any CPU.ActiveCfg = Debug|Any CPU
		{E651E83C-94DD-4D6D-ABA2-C9FDA34FBA55}.Debug|Any CPU.Build.0 = Debug|Any CPU
		{E651E83C-94DD-4D6D-ABA2-C9FDA34FBA55}.Debug|x86.ActiveCfg = Debug|x86
		{E651E83C-94DD-4D6D-ABA2-C9FDA34FBA55}.Debug|x86.Build.0 = Debug|x86
		{E651E83C-94DD-4D6D-ABA2-C9FDA34FBA55}.minimal|Any CPU.ActiveCfg = Debug|Any CPU
		{E651E83C-94DD-4D6D-ABA2-C9FDA34FBA55}.minimal|x86.ActiveCfg = Mono Release|x86
		{E651E83C-94DD-4D6D-ABA2-C9FDA34FBA55}.minimal|x86.Build.0 = Mono Release|x86
		{E651E83C-94DD-4D6D-ABA2-C9FDA34FBA55}.Mono Debug|Any CPU.ActiveCfg = Mono Debug|Any CPU
		{E651E83C-94DD-4D6D-ABA2-C9FDA34FBA55}.Mono Debug|Any CPU.Build.0 = Mono Debug|Any CPU
		{E651E83C-94DD-4D6D-ABA2-C9FDA34FBA55}.Mono Debug|x86.ActiveCfg = Mono Debug|x86
		{E651E83C-94DD-4D6D-ABA2-C9FDA34FBA55}.Mono Debug|x86.Build.0 = Mono Debug|x86
		{E651E83C-94DD-4D6D-ABA2-C9FDA34FBA55}.Mono Release|Any CPU.ActiveCfg = Mono Release|Any CPU
		{E651E83C-94DD-4D6D-ABA2-C9FDA34FBA55}.Mono Release|Any CPU.Build.0 = Mono Release|Any CPU
		{E651E83C-94DD-4D6D-ABA2-C9FDA34FBA55}.Mono Release|x86.ActiveCfg = Mono Release|x86
		{E651E83C-94DD-4D6D-ABA2-C9FDA34FBA55}.Mono Release|x86.Build.0 = Mono Release|x86
		{E651E83C-94DD-4D6D-ABA2-C9FDA34FBA55}.Release|Any CPU.ActiveCfg = Release|Any CPU
		{E651E83C-94DD-4D6D-ABA2-C9FDA34FBA55}.Release|Any CPU.Build.0 = Release|Any CPU
		{E651E83C-94DD-4D6D-ABA2-C9FDA34FBA55}.Release|x86.ActiveCfg = Release|x86
		{E651E83C-94DD-4D6D-ABA2-C9FDA34FBA55}.Release|x86.Build.0 = Release|x86
		{54C943DB-7725-4F52-BCE4-86C3D3D5A66E}.Debug|Any CPU.ActiveCfg = Debug|Any CPU
		{54C943DB-7725-4F52-BCE4-86C3D3D5A66E}.Debug|Any CPU.Build.0 = Debug|Any CPU
		{54C943DB-7725-4F52-BCE4-86C3D3D5A66E}.Debug|x86.ActiveCfg = Debug|x86
		{54C943DB-7725-4F52-BCE4-86C3D3D5A66E}.Debug|x86.Build.0 = Debug|x86
		{54C943DB-7725-4F52-BCE4-86C3D3D5A66E}.minimal|Any CPU.ActiveCfg = Debug|Any CPU
		{54C943DB-7725-4F52-BCE4-86C3D3D5A66E}.minimal|Any CPU.Build.0 = Debug|Any CPU
		{54C943DB-7725-4F52-BCE4-86C3D3D5A66E}.minimal|x86.ActiveCfg = Mono Release|x86
		{54C943DB-7725-4F52-BCE4-86C3D3D5A66E}.minimal|x86.Build.0 = Mono Release|x86
		{54C943DB-7725-4F52-BCE4-86C3D3D5A66E}.Mono Debug|Any CPU.ActiveCfg = Mono Debug|Any CPU
		{54C943DB-7725-4F52-BCE4-86C3D3D5A66E}.Mono Debug|Any CPU.Build.0 = Mono Debug|Any CPU
		{54C943DB-7725-4F52-BCE4-86C3D3D5A66E}.Mono Debug|x86.ActiveCfg = Mono Debug|x86
		{54C943DB-7725-4F52-BCE4-86C3D3D5A66E}.Mono Debug|x86.Build.0 = Mono Debug|x86
		{54C943DB-7725-4F52-BCE4-86C3D3D5A66E}.Mono Release|Any CPU.ActiveCfg = Mono Release|Any CPU
		{54C943DB-7725-4F52-BCE4-86C3D3D5A66E}.Mono Release|Any CPU.Build.0 = Mono Release|Any CPU
		{54C943DB-7725-4F52-BCE4-86C3D3D5A66E}.Mono Release|x86.ActiveCfg = Mono Release|x86
		{54C943DB-7725-4F52-BCE4-86C3D3D5A66E}.Mono Release|x86.Build.0 = Mono Release|x86
		{54C943DB-7725-4F52-BCE4-86C3D3D5A66E}.Release|Any CPU.ActiveCfg = Release|Any CPU
		{54C943DB-7725-4F52-BCE4-86C3D3D5A66E}.Release|Any CPU.Build.0 = Release|Any CPU
		{54C943DB-7725-4F52-BCE4-86C3D3D5A66E}.Release|x86.ActiveCfg = Release|x86
		{54C943DB-7725-4F52-BCE4-86C3D3D5A66E}.Release|x86.Build.0 = Release|x86
		{AC8F284C-7B34-4AC9-A7DE-FAF765456DFF}.Debug|Any CPU.ActiveCfg = Debug|Any CPU
		{AC8F284C-7B34-4AC9-A7DE-FAF765456DFF}.Debug|Any CPU.Build.0 = Debug|Any CPU
		{AC8F284C-7B34-4AC9-A7DE-FAF765456DFF}.Debug|x86.ActiveCfg = Debug|x86
		{AC8F284C-7B34-4AC9-A7DE-FAF765456DFF}.Debug|x86.Build.0 = Debug|x86
		{AC8F284C-7B34-4AC9-A7DE-FAF765456DFF}.minimal|Any CPU.ActiveCfg = Debug|Any CPU
		{AC8F284C-7B34-4AC9-A7DE-FAF765456DFF}.minimal|x86.ActiveCfg = Mono Release|x86
		{AC8F284C-7B34-4AC9-A7DE-FAF765456DFF}.minimal|x86.Build.0 = Mono Release|x86
		{AC8F284C-7B34-4AC9-A7DE-FAF765456DFF}.Mono Debug|Any CPU.ActiveCfg = Mono Debug|Any CPU
		{AC8F284C-7B34-4AC9-A7DE-FAF765456DFF}.Mono Debug|Any CPU.Build.0 = Mono Debug|Any CPU
		{AC8F284C-7B34-4AC9-A7DE-FAF765456DFF}.Mono Debug|x86.ActiveCfg = Mono Debug|x86
		{AC8F284C-7B34-4AC9-A7DE-FAF765456DFF}.Mono Debug|x86.Build.0 = Mono Debug|x86
		{AC8F284C-7B34-4AC9-A7DE-FAF765456DFF}.Mono Release|Any CPU.ActiveCfg = Mono Release|Any CPU
		{AC8F284C-7B34-4AC9-A7DE-FAF765456DFF}.Mono Release|Any CPU.Build.0 = Mono Release|Any CPU
		{AC8F284C-7B34-4AC9-A7DE-FAF765456DFF}.Mono Release|x86.ActiveCfg = Mono Release|x86
		{AC8F284C-7B34-4AC9-A7DE-FAF765456DFF}.Mono Release|x86.Build.0 = Mono Release|x86
		{AC8F284C-7B34-4AC9-A7DE-FAF765456DFF}.Release|Any CPU.ActiveCfg = Release|Any CPU
		{AC8F284C-7B34-4AC9-A7DE-FAF765456DFF}.Release|Any CPU.Build.0 = Release|Any CPU
		{AC8F284C-7B34-4AC9-A7DE-FAF765456DFF}.Release|x86.ActiveCfg = Release|x86
		{AC8F284C-7B34-4AC9-A7DE-FAF765456DFF}.Release|x86.Build.0 = Release|x86
		{600D0FD4-D189-41A0-9BC5-FC79AD2CF1CD}.Debug|Any CPU.ActiveCfg = Debug|Any CPU
		{600D0FD4-D189-41A0-9BC5-FC79AD2CF1CD}.Debug|Any CPU.Build.0 = Debug|Any CPU
		{600D0FD4-D189-41A0-9BC5-FC79AD2CF1CD}.Debug|x86.ActiveCfg = Debug|x86
		{600D0FD4-D189-41A0-9BC5-FC79AD2CF1CD}.Debug|x86.Build.0 = Debug|x86
		{600D0FD4-D189-41A0-9BC5-FC79AD2CF1CD}.minimal|Any CPU.ActiveCfg = Debug|Any CPU
		{600D0FD4-D189-41A0-9BC5-FC79AD2CF1CD}.minimal|x86.ActiveCfg = Mono Release|x86
		{600D0FD4-D189-41A0-9BC5-FC79AD2CF1CD}.minimal|x86.Build.0 = Mono Release|x86
		{600D0FD4-D189-41A0-9BC5-FC79AD2CF1CD}.Mono Debug|Any CPU.ActiveCfg = Mono Debug|Any CPU
		{600D0FD4-D189-41A0-9BC5-FC79AD2CF1CD}.Mono Debug|Any CPU.Build.0 = Mono Debug|Any CPU
		{600D0FD4-D189-41A0-9BC5-FC79AD2CF1CD}.Mono Debug|x86.ActiveCfg = Mono Debug|x86
		{600D0FD4-D189-41A0-9BC5-FC79AD2CF1CD}.Mono Debug|x86.Build.0 = Mono Debug|x86
		{600D0FD4-D189-41A0-9BC5-FC79AD2CF1CD}.Mono Release|Any CPU.ActiveCfg = Mono Release|Any CPU
		{600D0FD4-D189-41A0-9BC5-FC79AD2CF1CD}.Mono Release|Any CPU.Build.0 = Mono Release|Any CPU
		{600D0FD4-D189-41A0-9BC5-FC79AD2CF1CD}.Mono Release|x86.ActiveCfg = Mono Release|x86
		{600D0FD4-D189-41A0-9BC5-FC79AD2CF1CD}.Mono Release|x86.Build.0 = Mono Release|x86
		{600D0FD4-D189-41A0-9BC5-FC79AD2CF1CD}.Release|Any CPU.ActiveCfg = Release|Any CPU
		{600D0FD4-D189-41A0-9BC5-FC79AD2CF1CD}.Release|Any CPU.Build.0 = Release|Any CPU
		{600D0FD4-D189-41A0-9BC5-FC79AD2CF1CD}.Release|x86.ActiveCfg = Release|x86
		{600D0FD4-D189-41A0-9BC5-FC79AD2CF1CD}.Release|x86.Build.0 = Release|x86
		{3CB2F52D-739C-442F-9C63-F38694690AC6}.Debug|Any CPU.ActiveCfg = Debug|Any CPU
		{3CB2F52D-739C-442F-9C63-F38694690AC6}.Debug|Any CPU.Build.0 = Debug|Any CPU
		{3CB2F52D-739C-442F-9C63-F38694690AC6}.Debug|x86.ActiveCfg = Debug|x86
		{3CB2F52D-739C-442F-9C63-F38694690AC6}.Debug|x86.Build.0 = Debug|x86
		{3CB2F52D-739C-442F-9C63-F38694690AC6}.minimal|Any CPU.ActiveCfg = Debug|Any CPU
		{3CB2F52D-739C-442F-9C63-F38694690AC6}.minimal|x86.ActiveCfg = Mono Release|x86
		{3CB2F52D-739C-442F-9C63-F38694690AC6}.minimal|x86.Build.0 = Mono Release|x86
		{3CB2F52D-739C-442F-9C63-F38694690AC6}.Mono Debug|Any CPU.ActiveCfg = Mono Debug|Any CPU
		{3CB2F52D-739C-442F-9C63-F38694690AC6}.Mono Debug|Any CPU.Build.0 = Mono Debug|Any CPU
		{3CB2F52D-739C-442F-9C63-F38694690AC6}.Mono Debug|x86.ActiveCfg = Mono Debug|x86
		{3CB2F52D-739C-442F-9C63-F38694690AC6}.Mono Debug|x86.Build.0 = Mono Debug|x86
		{3CB2F52D-739C-442F-9C63-F38694690AC6}.Mono Release|Any CPU.ActiveCfg = Mono Release|Any CPU
		{3CB2F52D-739C-442F-9C63-F38694690AC6}.Mono Release|Any CPU.Build.0 = Mono Release|Any CPU
		{3CB2F52D-739C-442F-9C63-F38694690AC6}.Mono Release|x86.ActiveCfg = Mono Release|x86
		{3CB2F52D-739C-442F-9C63-F38694690AC6}.Mono Release|x86.Build.0 = Mono Release|x86
		{3CB2F52D-739C-442F-9C63-F38694690AC6}.Release|Any CPU.ActiveCfg = Release|Any CPU
		{3CB2F52D-739C-442F-9C63-F38694690AC6}.Release|Any CPU.Build.0 = Release|Any CPU
		{3CB2F52D-739C-442F-9C63-F38694690AC6}.Release|x86.ActiveCfg = Release|x86
		{3CB2F52D-739C-442F-9C63-F38694690AC6}.Release|x86.Build.0 = Release|x86
		{EFB9D66D-AF0F-4E45-A1AC-DB32981711D2}.Debug|Any CPU.ActiveCfg = Debug|Any CPU
		{EFB9D66D-AF0F-4E45-A1AC-DB32981711D2}.Debug|Any CPU.Build.0 = Debug|Any CPU
		{EFB9D66D-AF0F-4E45-A1AC-DB32981711D2}.Debug|x86.ActiveCfg = Debug|x86
		{EFB9D66D-AF0F-4E45-A1AC-DB32981711D2}.Debug|x86.Build.0 = Debug|x86
		{EFB9D66D-AF0F-4E45-A1AC-DB32981711D2}.minimal|Any CPU.ActiveCfg = Debug|Any CPU
		{EFB9D66D-AF0F-4E45-A1AC-DB32981711D2}.minimal|x86.ActiveCfg = Mono Debug|x86
		{EFB9D66D-AF0F-4E45-A1AC-DB32981711D2}.minimal|x86.Build.0 = Mono Debug|x86
		{EFB9D66D-AF0F-4E45-A1AC-DB32981711D2}.Mono Debug|Any CPU.ActiveCfg = Mono Debug|Any CPU
		{EFB9D66D-AF0F-4E45-A1AC-DB32981711D2}.Mono Debug|Any CPU.Build.0 = Mono Debug|Any CPU
		{EFB9D66D-AF0F-4E45-A1AC-DB32981711D2}.Mono Debug|x86.ActiveCfg = Mono Debug|x86
		{EFB9D66D-AF0F-4E45-A1AC-DB32981711D2}.Mono Debug|x86.Build.0 = Mono Debug|x86
		{EFB9D66D-AF0F-4E45-A1AC-DB32981711D2}.Mono Release|Any CPU.ActiveCfg = Mono Release|Any CPU
		{EFB9D66D-AF0F-4E45-A1AC-DB32981711D2}.Mono Release|Any CPU.Build.0 = Mono Release|Any CPU
		{EFB9D66D-AF0F-4E45-A1AC-DB32981711D2}.Mono Release|x86.ActiveCfg = Mono Release|x86
		{EFB9D66D-AF0F-4E45-A1AC-DB32981711D2}.Mono Release|x86.Build.0 = Mono Release|x86
		{EFB9D66D-AF0F-4E45-A1AC-DB32981711D2}.Release|Any CPU.ActiveCfg = Release|Any CPU
		{EFB9D66D-AF0F-4E45-A1AC-DB32981711D2}.Release|Any CPU.Build.0 = Release|Any CPU
		{EFB9D66D-AF0F-4E45-A1AC-DB32981711D2}.Release|x86.ActiveCfg = Release|x86
		{EFB9D66D-AF0F-4E45-A1AC-DB32981711D2}.Release|x86.Build.0 = Release|x86
		{19310CA3-6653-45E0-9EC8-F824629E2AD8}.Debug|Any CPU.ActiveCfg = Debug|Any CPU
		{19310CA3-6653-45E0-9EC8-F824629E2AD8}.Debug|Any CPU.Build.0 = Debug|Any CPU
		{19310CA3-6653-45E0-9EC8-F824629E2AD8}.Debug|x86.ActiveCfg = Debug|x86
		{19310CA3-6653-45E0-9EC8-F824629E2AD8}.Debug|x86.Build.0 = Debug|x86
		{19310CA3-6653-45E0-9EC8-F824629E2AD8}.minimal|Any CPU.ActiveCfg = Debug|Any CPU
		{19310CA3-6653-45E0-9EC8-F824629E2AD8}.minimal|x86.ActiveCfg = Mono Release|x86
		{19310CA3-6653-45E0-9EC8-F824629E2AD8}.minimal|x86.Build.0 = Mono Release|x86
		{19310CA3-6653-45E0-9EC8-F824629E2AD8}.Mono Debug|Any CPU.ActiveCfg = Mono Debug|Any CPU
		{19310CA3-6653-45E0-9EC8-F824629E2AD8}.Mono Debug|Any CPU.Build.0 = Mono Debug|Any CPU
		{19310CA3-6653-45E0-9EC8-F824629E2AD8}.Mono Debug|x86.ActiveCfg = Mono Debug|x86
		{19310CA3-6653-45E0-9EC8-F824629E2AD8}.Mono Debug|x86.Build.0 = Mono Debug|x86
		{19310CA3-6653-45E0-9EC8-F824629E2AD8}.Mono Release|Any CPU.ActiveCfg = Mono Release|Any CPU
		{19310CA3-6653-45E0-9EC8-F824629E2AD8}.Mono Release|x86.ActiveCfg = Mono Release|x86
		{19310CA3-6653-45E0-9EC8-F824629E2AD8}.Mono Release|x86.Build.0 = Mono Release|x86
		{19310CA3-6653-45E0-9EC8-F824629E2AD8}.Release|Any CPU.ActiveCfg = Release|Any CPU
		{19310CA3-6653-45E0-9EC8-F824629E2AD8}.Release|Any CPU.Build.0 = Release|Any CPU
		{19310CA3-6653-45E0-9EC8-F824629E2AD8}.Release|x86.ActiveCfg = Release|x86
		{19310CA3-6653-45E0-9EC8-F824629E2AD8}.Release|x86.Build.0 = Release|x86
		{DF2FDE4A-A7F5-4B20-B1E6-0ADB400DEF69}.Debug|Any CPU.ActiveCfg = Debug|Any CPU
		{DF2FDE4A-A7F5-4B20-B1E6-0ADB400DEF69}.Debug|Any CPU.Build.0 = Debug|Any CPU
		{DF2FDE4A-A7F5-4B20-B1E6-0ADB400DEF69}.Debug|x86.ActiveCfg = Debug|x86
		{DF2FDE4A-A7F5-4B20-B1E6-0ADB400DEF69}.Debug|x86.Build.0 = Debug|x86
		{DF2FDE4A-A7F5-4B20-B1E6-0ADB400DEF69}.minimal|Any CPU.ActiveCfg = Debug|Any CPU
		{DF2FDE4A-A7F5-4B20-B1E6-0ADB400DEF69}.minimal|x86.ActiveCfg = Mono Release|x86
		{DF2FDE4A-A7F5-4B20-B1E6-0ADB400DEF69}.minimal|x86.Build.0 = Mono Release|x86
		{DF2FDE4A-A7F5-4B20-B1E6-0ADB400DEF69}.Mono Debug|Any CPU.ActiveCfg = Mono Debug|Any CPU
		{DF2FDE4A-A7F5-4B20-B1E6-0ADB400DEF69}.Mono Debug|Any CPU.Build.0 = Mono Debug|Any CPU
		{DF2FDE4A-A7F5-4B20-B1E6-0ADB400DEF69}.Mono Debug|x86.ActiveCfg = Mono Debug|x86
		{DF2FDE4A-A7F5-4B20-B1E6-0ADB400DEF69}.Mono Debug|x86.Build.0 = Mono Debug|x86
		{DF2FDE4A-A7F5-4B20-B1E6-0ADB400DEF69}.Mono Release|Any CPU.ActiveCfg = Mono Release|Any CPU
		{DF2FDE4A-A7F5-4B20-B1E6-0ADB400DEF69}.Mono Release|Any CPU.Build.0 = Mono Release|Any CPU
		{DF2FDE4A-A7F5-4B20-B1E6-0ADB400DEF69}.Mono Release|x86.ActiveCfg = Mono Release|x86
		{DF2FDE4A-A7F5-4B20-B1E6-0ADB400DEF69}.Mono Release|x86.Build.0 = Mono Release|x86
		{DF2FDE4A-A7F5-4B20-B1E6-0ADB400DEF69}.Release|Any CPU.ActiveCfg = Release|Any CPU
		{DF2FDE4A-A7F5-4B20-B1E6-0ADB400DEF69}.Release|Any CPU.Build.0 = Release|Any CPU
		{DF2FDE4A-A7F5-4B20-B1E6-0ADB400DEF69}.Release|x86.ActiveCfg = Release|x86
		{DF2FDE4A-A7F5-4B20-B1E6-0ADB400DEF69}.Release|x86.Build.0 = Release|x86
		{5F61C809-B6C0-4567-9603-B2198E1AD038}.Debug|Any CPU.ActiveCfg = Debug|Any CPU
		{5F61C809-B6C0-4567-9603-B2198E1AD038}.Debug|Any CPU.Build.0 = Debug|Any CPU
		{5F61C809-B6C0-4567-9603-B2198E1AD038}.Debug|x86.ActiveCfg = Debug|x86
		{5F61C809-B6C0-4567-9603-B2198E1AD038}.Debug|x86.Build.0 = Debug|x86
		{5F61C809-B6C0-4567-9603-B2198E1AD038}.minimal|Any CPU.ActiveCfg = Debug|Any CPU
		{5F61C809-B6C0-4567-9603-B2198E1AD038}.minimal|Any CPU.Build.0 = Debug|Any CPU
		{5F61C809-B6C0-4567-9603-B2198E1AD038}.minimal|x86.ActiveCfg = Mono Release|x86
		{5F61C809-B6C0-4567-9603-B2198E1AD038}.minimal|x86.Build.0 = Mono Release|x86
		{5F61C809-B6C0-4567-9603-B2198E1AD038}.Mono Debug|Any CPU.ActiveCfg = Mono Debug|Any CPU
		{5F61C809-B6C0-4567-9603-B2198E1AD038}.Mono Debug|Any CPU.Build.0 = Mono Debug|Any CPU
		{5F61C809-B6C0-4567-9603-B2198E1AD038}.Mono Debug|x86.ActiveCfg = Mono Debug|x86
		{5F61C809-B6C0-4567-9603-B2198E1AD038}.Mono Debug|x86.Build.0 = Mono Debug|x86
		{5F61C809-B6C0-4567-9603-B2198E1AD038}.Mono Release|Any CPU.ActiveCfg = Mono Release|Any CPU
		{5F61C809-B6C0-4567-9603-B2198E1AD038}.Mono Release|Any CPU.Build.0 = Mono Release|Any CPU
		{5F61C809-B6C0-4567-9603-B2198E1AD038}.Mono Release|x86.ActiveCfg = Mono Release|x86
		{5F61C809-B6C0-4567-9603-B2198E1AD038}.Mono Release|x86.Build.0 = Mono Release|x86
		{5F61C809-B6C0-4567-9603-B2198E1AD038}.Release|Any CPU.ActiveCfg = Release|Any CPU
		{5F61C809-B6C0-4567-9603-B2198E1AD038}.Release|Any CPU.Build.0 = Release|Any CPU
		{5F61C809-B6C0-4567-9603-B2198E1AD038}.Release|x86.ActiveCfg = Release|x86
		{5F61C809-B6C0-4567-9603-B2198E1AD038}.Release|x86.Build.0 = Release|x86
		{74DF4C01-660C-4CF4-9343-9330337BCBEA}.Debug|Any CPU.ActiveCfg = Debug|Any CPU
		{74DF4C01-660C-4CF4-9343-9330337BCBEA}.Debug|Any CPU.Build.0 = Debug|Any CPU
		{74DF4C01-660C-4CF4-9343-9330337BCBEA}.Debug|x86.ActiveCfg = Debug|x86
		{74DF4C01-660C-4CF4-9343-9330337BCBEA}.Debug|x86.Build.0 = Debug|x86
		{74DF4C01-660C-4CF4-9343-9330337BCBEA}.minimal|Any CPU.ActiveCfg = Debug|Any CPU
		{74DF4C01-660C-4CF4-9343-9330337BCBEA}.minimal|x86.ActiveCfg = Mono Release|x86
		{74DF4C01-660C-4CF4-9343-9330337BCBEA}.minimal|x86.Build.0 = Mono Release|x86
		{74DF4C01-660C-4CF4-9343-9330337BCBEA}.Mono Debug|Any CPU.ActiveCfg = Mono Debug|Any CPU
		{74DF4C01-660C-4CF4-9343-9330337BCBEA}.Mono Debug|Any CPU.Build.0 = Mono Debug|Any CPU
		{74DF4C01-660C-4CF4-9343-9330337BCBEA}.Mono Debug|x86.ActiveCfg = Mono Debug|x86
		{74DF4C01-660C-4CF4-9343-9330337BCBEA}.Mono Debug|x86.Build.0 = Mono Debug|x86
		{74DF4C01-660C-4CF4-9343-9330337BCBEA}.Mono Release|Any CPU.ActiveCfg = Mono Release|Any CPU
		{74DF4C01-660C-4CF4-9343-9330337BCBEA}.Mono Release|x86.ActiveCfg = Mono Release|x86
		{74DF4C01-660C-4CF4-9343-9330337BCBEA}.Mono Release|x86.Build.0 = Mono Release|x86
		{74DF4C01-660C-4CF4-9343-9330337BCBEA}.Release|Any CPU.ActiveCfg = Release|Any CPU
		{74DF4C01-660C-4CF4-9343-9330337BCBEA}.Release|Any CPU.Build.0 = Release|Any CPU
		{74DF4C01-660C-4CF4-9343-9330337BCBEA}.Release|x86.ActiveCfg = Release|x86
		{74DF4C01-660C-4CF4-9343-9330337BCBEA}.Release|x86.Build.0 = Release|x86
		{123D695C-0D5D-46E5-893F-39EC4E0B01B8}.Debug|Any CPU.ActiveCfg = Debug|Any CPU
		{123D695C-0D5D-46E5-893F-39EC4E0B01B8}.Debug|Any CPU.Build.0 = Debug|Any CPU
		{123D695C-0D5D-46E5-893F-39EC4E0B01B8}.Debug|x86.ActiveCfg = Debug|x86
		{123D695C-0D5D-46E5-893F-39EC4E0B01B8}.Debug|x86.Build.0 = Debug|x86
		{123D695C-0D5D-46E5-893F-39EC4E0B01B8}.minimal|Any CPU.ActiveCfg = Debug|Any CPU
		{123D695C-0D5D-46E5-893F-39EC4E0B01B8}.minimal|Any CPU.Build.0 = Debug|Any CPU
		{123D695C-0D5D-46E5-893F-39EC4E0B01B8}.minimal|x86.ActiveCfg = Mono Release|x86
		{123D695C-0D5D-46E5-893F-39EC4E0B01B8}.minimal|x86.Build.0 = Mono Release|x86
		{123D695C-0D5D-46E5-893F-39EC4E0B01B8}.Mono Debug|Any CPU.ActiveCfg = Mono Debug|Any CPU
		{123D695C-0D5D-46E5-893F-39EC4E0B01B8}.Mono Debug|Any CPU.Build.0 = Mono Debug|Any CPU
		{123D695C-0D5D-46E5-893F-39EC4E0B01B8}.Mono Debug|x86.ActiveCfg = Mono Debug|x86
		{123D695C-0D5D-46E5-893F-39EC4E0B01B8}.Mono Debug|x86.Build.0 = Mono Debug|x86
		{123D695C-0D5D-46E5-893F-39EC4E0B01B8}.Mono Release|Any CPU.ActiveCfg = Mono Release|Any CPU
		{123D695C-0D5D-46E5-893F-39EC4E0B01B8}.Mono Release|x86.ActiveCfg = Mono Release|x86
		{123D695C-0D5D-46E5-893F-39EC4E0B01B8}.Mono Release|x86.Build.0 = Mono Release|x86
		{123D695C-0D5D-46E5-893F-39EC4E0B01B8}.Release|Any CPU.ActiveCfg = Release|Any CPU
		{123D695C-0D5D-46E5-893F-39EC4E0B01B8}.Release|Any CPU.Build.0 = Release|Any CPU
		{123D695C-0D5D-46E5-893F-39EC4E0B01B8}.Release|x86.ActiveCfg = Release|x86
		{123D695C-0D5D-46E5-893F-39EC4E0B01B8}.Release|x86.Build.0 = Release|x86
		{EF37C48F-EABC-478B-B7C1-2BDB33968A21}.Debug|Any CPU.ActiveCfg = Debug|Any CPU
		{EF37C48F-EABC-478B-B7C1-2BDB33968A21}.Debug|Any CPU.Build.0 = Debug|Any CPU
		{EF37C48F-EABC-478B-B7C1-2BDB33968A21}.Debug|x86.ActiveCfg = Debug|x86
		{EF37C48F-EABC-478B-B7C1-2BDB33968A21}.Debug|x86.Build.0 = Debug|x86
		{EF37C48F-EABC-478B-B7C1-2BDB33968A21}.minimal|Any CPU.ActiveCfg = Release|Any CPU
		{EF37C48F-EABC-478B-B7C1-2BDB33968A21}.minimal|Any CPU.Build.0 = Release|Any CPU
		{EF37C48F-EABC-478B-B7C1-2BDB33968A21}.minimal|x86.ActiveCfg = Release|x86
		{EF37C48F-EABC-478B-B7C1-2BDB33968A21}.minimal|x86.Build.0 = Release|x86
		{EF37C48F-EABC-478B-B7C1-2BDB33968A21}.Mono Debug|Any CPU.ActiveCfg = Debug|Any CPU
		{EF37C48F-EABC-478B-B7C1-2BDB33968A21}.Mono Debug|Any CPU.Build.0 = Debug|Any CPU
		{EF37C48F-EABC-478B-B7C1-2BDB33968A21}.Mono Debug|x86.ActiveCfg = Debug|x86
		{EF37C48F-EABC-478B-B7C1-2BDB33968A21}.Mono Debug|x86.Build.0 = Debug|x86
		{EF37C48F-EABC-478B-B7C1-2BDB33968A21}.Mono Release|Any CPU.ActiveCfg = Release|Any CPU
		{EF37C48F-EABC-478B-B7C1-2BDB33968A21}.Mono Release|Any CPU.Build.0 = Release|Any CPU
		{EF37C48F-EABC-478B-B7C1-2BDB33968A21}.Mono Release|x86.ActiveCfg = Release|x86
		{EF37C48F-EABC-478B-B7C1-2BDB33968A21}.Mono Release|x86.Build.0 = Release|x86
		{EF37C48F-EABC-478B-B7C1-2BDB33968A21}.Release|Any CPU.ActiveCfg = Release|Any CPU
		{EF37C48F-EABC-478B-B7C1-2BDB33968A21}.Release|Any CPU.Build.0 = Release|Any CPU
		{EF37C48F-EABC-478B-B7C1-2BDB33968A21}.Release|x86.ActiveCfg = Release|x86
		{EF37C48F-EABC-478B-B7C1-2BDB33968A21}.Release|x86.Build.0 = Release|x86
		{9D196637-2D50-4604-A310-378083CEA809}.Debug|Any CPU.ActiveCfg = Debug|Any CPU
		{9D196637-2D50-4604-A310-378083CEA809}.Debug|Any CPU.Build.0 = Debug|Any CPU
		{9D196637-2D50-4604-A310-378083CEA809}.Debug|x86.ActiveCfg = Debug|x86
		{9D196637-2D50-4604-A310-378083CEA809}.Debug|x86.Build.0 = Debug|x86
		{9D196637-2D50-4604-A310-378083CEA809}.minimal|Any CPU.ActiveCfg = Debug|Any CPU
		{9D196637-2D50-4604-A310-378083CEA809}.minimal|Any CPU.Build.0 = Debug|Any CPU
		{9D196637-2D50-4604-A310-378083CEA809}.minimal|x86.ActiveCfg = Mono Release|x86
		{9D196637-2D50-4604-A310-378083CEA809}.minimal|x86.Build.0 = Mono Release|x86
		{9D196637-2D50-4604-A310-378083CEA809}.Mono Debug|Any CPU.ActiveCfg = Mono Debug|Any CPU
		{9D196637-2D50-4604-A310-378083CEA809}.Mono Debug|Any CPU.Build.0 = Mono Debug|Any CPU
		{9D196637-2D50-4604-A310-378083CEA809}.Mono Debug|x86.ActiveCfg = Mono Debug|x86
		{9D196637-2D50-4604-A310-378083CEA809}.Mono Debug|x86.Build.0 = Mono Debug|x86
		{9D196637-2D50-4604-A310-378083CEA809}.Mono Release|Any CPU.ActiveCfg = Mono Release|Any CPU
		{9D196637-2D50-4604-A310-378083CEA809}.Mono Release|Any CPU.Build.0 = Mono Release|Any CPU
		{9D196637-2D50-4604-A310-378083CEA809}.Mono Release|x86.ActiveCfg = Mono Release|x86
		{9D196637-2D50-4604-A310-378083CEA809}.Mono Release|x86.Build.0 = Mono Release|x86
		{9D196637-2D50-4604-A310-378083CEA809}.Release|Any CPU.ActiveCfg = Release|Any CPU
		{9D196637-2D50-4604-A310-378083CEA809}.Release|Any CPU.Build.0 = Release|Any CPU
		{9D196637-2D50-4604-A310-378083CEA809}.Release|x86.ActiveCfg = Release|x86
		{9D196637-2D50-4604-A310-378083CEA809}.Release|x86.Build.0 = Release|x86
		{FB7CFBB8-D7D0-4E9D-96CF-7D3D0D947EB5}.Debug|Any CPU.ActiveCfg = Debug|Any CPU
		{FB7CFBB8-D7D0-4E9D-96CF-7D3D0D947EB5}.Debug|Any CPU.Build.0 = Debug|Any CPU
		{FB7CFBB8-D7D0-4E9D-96CF-7D3D0D947EB5}.Debug|x86.ActiveCfg = Debug|x86
		{FB7CFBB8-D7D0-4E9D-96CF-7D3D0D947EB5}.Debug|x86.Build.0 = Debug|x86
		{FB7CFBB8-D7D0-4E9D-96CF-7D3D0D947EB5}.minimal|Any CPU.ActiveCfg = Debug|Any CPU
		{FB7CFBB8-D7D0-4E9D-96CF-7D3D0D947EB5}.minimal|x86.ActiveCfg = Mono Release|x86
		{FB7CFBB8-D7D0-4E9D-96CF-7D3D0D947EB5}.minimal|x86.Build.0 = Mono Release|x86
		{FB7CFBB8-D7D0-4E9D-96CF-7D3D0D947EB5}.Mono Debug|Any CPU.ActiveCfg = Mono Debug|Any CPU
		{FB7CFBB8-D7D0-4E9D-96CF-7D3D0D947EB5}.Mono Debug|Any CPU.Build.0 = Mono Debug|Any CPU
		{FB7CFBB8-D7D0-4E9D-96CF-7D3D0D947EB5}.Mono Debug|x86.ActiveCfg = Mono Debug|x86
		{FB7CFBB8-D7D0-4E9D-96CF-7D3D0D947EB5}.Mono Debug|x86.Build.0 = Mono Debug|x86
		{FB7CFBB8-D7D0-4E9D-96CF-7D3D0D947EB5}.Mono Release|Any CPU.ActiveCfg = Mono Release|Any CPU
		{FB7CFBB8-D7D0-4E9D-96CF-7D3D0D947EB5}.Mono Release|x86.ActiveCfg = Mono Release|x86
		{FB7CFBB8-D7D0-4E9D-96CF-7D3D0D947EB5}.Mono Release|x86.Build.0 = Mono Release|x86
		{FB7CFBB8-D7D0-4E9D-96CF-7D3D0D947EB5}.Release|Any CPU.ActiveCfg = Release|Any CPU
		{FB7CFBB8-D7D0-4E9D-96CF-7D3D0D947EB5}.Release|Any CPU.Build.0 = Release|Any CPU
		{FB7CFBB8-D7D0-4E9D-96CF-7D3D0D947EB5}.Release|x86.ActiveCfg = Release|x86
		{FB7CFBB8-D7D0-4E9D-96CF-7D3D0D947EB5}.Release|x86.Build.0 = Release|x86
		{F644C902-A952-4797-9E2D-19D6051DD032}.Debug|Any CPU.ActiveCfg = Debug|Any CPU
		{F644C902-A952-4797-9E2D-19D6051DD032}.Debug|Any CPU.Build.0 = Debug|Any CPU
		{F644C902-A952-4797-9E2D-19D6051DD032}.Debug|x86.ActiveCfg = Debug|x86
		{F644C902-A952-4797-9E2D-19D6051DD032}.Debug|x86.Build.0 = Debug|x86
		{F644C902-A952-4797-9E2D-19D6051DD032}.minimal|Any CPU.ActiveCfg = Debug|Any CPU
		{F644C902-A952-4797-9E2D-19D6051DD032}.minimal|x86.ActiveCfg = Mono Release|x86
		{F644C902-A952-4797-9E2D-19D6051DD032}.minimal|x86.Build.0 = Mono Release|x86
		{F644C902-A952-4797-9E2D-19D6051DD032}.Mono Debug|Any CPU.ActiveCfg = Mono Debug|Any CPU
		{F644C902-A952-4797-9E2D-19D6051DD032}.Mono Debug|Any CPU.Build.0 = Mono Debug|Any CPU
		{F644C902-A952-4797-9E2D-19D6051DD032}.Mono Debug|x86.ActiveCfg = Mono Debug|x86
		{F644C902-A952-4797-9E2D-19D6051DD032}.Mono Debug|x86.Build.0 = Mono Debug|x86
		{F644C902-A952-4797-9E2D-19D6051DD032}.Mono Release|Any CPU.ActiveCfg = Mono Release|Any CPU
		{F644C902-A952-4797-9E2D-19D6051DD032}.Mono Release|x86.ActiveCfg = Mono Release|x86
		{F644C902-A952-4797-9E2D-19D6051DD032}.Mono Release|x86.Build.0 = Mono Release|x86
		{F644C902-A952-4797-9E2D-19D6051DD032}.Release|Any CPU.ActiveCfg = Release|Any CPU
		{F644C902-A952-4797-9E2D-19D6051DD032}.Release|Any CPU.Build.0 = Release|Any CPU
		{F644C902-A952-4797-9E2D-19D6051DD032}.Release|x86.ActiveCfg = Release|x86
		{F644C902-A952-4797-9E2D-19D6051DD032}.Release|x86.Build.0 = Release|x86
		{8491FEEE-C311-4B64-BB30-A1F1C1802F45}.Debug|Any CPU.ActiveCfg = Debug|Any CPU
		{8491FEEE-C311-4B64-BB30-A1F1C1802F45}.Debug|Any CPU.Build.0 = Debug|Any CPU
		{8491FEEE-C311-4B64-BB30-A1F1C1802F45}.Debug|x86.ActiveCfg = Debug|x86
		{8491FEEE-C311-4B64-BB30-A1F1C1802F45}.Debug|x86.Build.0 = Debug|x86
		{8491FEEE-C311-4B64-BB30-A1F1C1802F45}.minimal|Any CPU.ActiveCfg = Debug|Any CPU
		{8491FEEE-C311-4B64-BB30-A1F1C1802F45}.minimal|x86.ActiveCfg = Mono Release|x86
		{8491FEEE-C311-4B64-BB30-A1F1C1802F45}.minimal|x86.Build.0 = Mono Release|x86
		{8491FEEE-C311-4B64-BB30-A1F1C1802F45}.Mono Debug|Any CPU.ActiveCfg = Mono Debug|Any CPU
		{8491FEEE-C311-4B64-BB30-A1F1C1802F45}.Mono Debug|Any CPU.Build.0 = Mono Debug|Any CPU
		{8491FEEE-C311-4B64-BB30-A1F1C1802F45}.Mono Debug|x86.ActiveCfg = Mono Debug|x86
		{8491FEEE-C311-4B64-BB30-A1F1C1802F45}.Mono Debug|x86.Build.0 = Mono Debug|x86
		{8491FEEE-C311-4B64-BB30-A1F1C1802F45}.Mono Release|Any CPU.ActiveCfg = Mono Release|Any CPU
		{8491FEEE-C311-4B64-BB30-A1F1C1802F45}.Mono Release|x86.ActiveCfg = Mono Release|x86
		{8491FEEE-C311-4B64-BB30-A1F1C1802F45}.Mono Release|x86.Build.0 = Mono Release|x86
		{8491FEEE-C311-4B64-BB30-A1F1C1802F45}.Release|Any CPU.ActiveCfg = Release|Any CPU
		{8491FEEE-C311-4B64-BB30-A1F1C1802F45}.Release|Any CPU.Build.0 = Release|Any CPU
		{8491FEEE-C311-4B64-BB30-A1F1C1802F45}.Release|x86.ActiveCfg = Release|x86
		{8491FEEE-C311-4B64-BB30-A1F1C1802F45}.Release|x86.Build.0 = Release|x86
		{4408C857-0371-42BF-A635-E23C8A99A803}.Debug|Any CPU.ActiveCfg = Debug|Any CPU
		{4408C857-0371-42BF-A635-E23C8A99A803}.Debug|Any CPU.Build.0 = Debug|Any CPU
		{4408C857-0371-42BF-A635-E23C8A99A803}.Debug|x86.ActiveCfg = Debug|x86
		{4408C857-0371-42BF-A635-E23C8A99A803}.Debug|x86.Build.0 = Debug|x86
		{4408C857-0371-42BF-A635-E23C8A99A803}.minimal|Any CPU.ActiveCfg = Debug|Any CPU
		{4408C857-0371-42BF-A635-E23C8A99A803}.minimal|x86.ActiveCfg = Mono Release|x86
		{4408C857-0371-42BF-A635-E23C8A99A803}.minimal|x86.Build.0 = Mono Release|x86
		{4408C857-0371-42BF-A635-E23C8A99A803}.Mono Debug|Any CPU.ActiveCfg = Mono Debug|Any CPU
		{4408C857-0371-42BF-A635-E23C8A99A803}.Mono Debug|Any CPU.Build.0 = Mono Debug|Any CPU
		{4408C857-0371-42BF-A635-E23C8A99A803}.Mono Debug|x86.ActiveCfg = Mono Debug|x86
		{4408C857-0371-42BF-A635-E23C8A99A803}.Mono Debug|x86.Build.0 = Mono Debug|x86
		{4408C857-0371-42BF-A635-E23C8A99A803}.Mono Release|Any CPU.ActiveCfg = Mono Release|Any CPU
		{4408C857-0371-42BF-A635-E23C8A99A803}.Mono Release|Any CPU.Build.0 = Mono Release|Any CPU
		{4408C857-0371-42BF-A635-E23C8A99A803}.Mono Release|x86.ActiveCfg = Mono Release|x86
		{4408C857-0371-42BF-A635-E23C8A99A803}.Mono Release|x86.Build.0 = Mono Release|x86
		{4408C857-0371-42BF-A635-E23C8A99A803}.Release|Any CPU.ActiveCfg = Release|Any CPU
		{4408C857-0371-42BF-A635-E23C8A99A803}.Release|Any CPU.Build.0 = Release|Any CPU
		{4408C857-0371-42BF-A635-E23C8A99A803}.Release|x86.ActiveCfg = Release|x86
		{4408C857-0371-42BF-A635-E23C8A99A803}.Release|x86.Build.0 = Release|x86
		{7DA57D98-255B-46DE-BF94-D163695A0568}.Debug|Any CPU.ActiveCfg = Debug|Any CPU
		{7DA57D98-255B-46DE-BF94-D163695A0568}.Debug|Any CPU.Build.0 = Debug|Any CPU
		{7DA57D98-255B-46DE-BF94-D163695A0568}.Debug|x86.ActiveCfg = Debug|x86
		{7DA57D98-255B-46DE-BF94-D163695A0568}.Debug|x86.Build.0 = Debug|x86
		{7DA57D98-255B-46DE-BF94-D163695A0568}.minimal|Any CPU.ActiveCfg = Debug|Any CPU
		{7DA57D98-255B-46DE-BF94-D163695A0568}.minimal|x86.ActiveCfg = Mono Release|x86
		{7DA57D98-255B-46DE-BF94-D163695A0568}.minimal|x86.Build.0 = Mono Release|x86
		{7DA57D98-255B-46DE-BF94-D163695A0568}.Mono Debug|Any CPU.ActiveCfg = Mono Debug|Any CPU
		{7DA57D98-255B-46DE-BF94-D163695A0568}.Mono Debug|Any CPU.Build.0 = Mono Debug|Any CPU
		{7DA57D98-255B-46DE-BF94-D163695A0568}.Mono Debug|x86.ActiveCfg = Mono Debug|x86
		{7DA57D98-255B-46DE-BF94-D163695A0568}.Mono Debug|x86.Build.0 = Mono Debug|x86
		{7DA57D98-255B-46DE-BF94-D163695A0568}.Mono Release|Any CPU.ActiveCfg = Mono Release|Any CPU
		{7DA57D98-255B-46DE-BF94-D163695A0568}.Mono Release|x86.ActiveCfg = Mono Release|x86
		{7DA57D98-255B-46DE-BF94-D163695A0568}.Mono Release|x86.Build.0 = Mono Release|x86
		{7DA57D98-255B-46DE-BF94-D163695A0568}.Release|Any CPU.ActiveCfg = Release|Any CPU
		{7DA57D98-255B-46DE-BF94-D163695A0568}.Release|Any CPU.Build.0 = Release|Any CPU
		{7DA57D98-255B-46DE-BF94-D163695A0568}.Release|x86.ActiveCfg = Release|x86
		{7DA57D98-255B-46DE-BF94-D163695A0568}.Release|x86.Build.0 = Release|x86
		{9936180C-90A7-467C-B761-EC184EFE1F9F}.Debug|Any CPU.ActiveCfg = Debug|Any CPU
		{9936180C-90A7-467C-B761-EC184EFE1F9F}.Debug|Any CPU.Build.0 = Debug|Any CPU
		{9936180C-90A7-467C-B761-EC184EFE1F9F}.Debug|x86.ActiveCfg = Debug|x86
		{9936180C-90A7-467C-B761-EC184EFE1F9F}.Debug|x86.Build.0 = Debug|x86
		{9936180C-90A7-467C-B761-EC184EFE1F9F}.minimal|Any CPU.ActiveCfg = Debug|Any CPU
		{9936180C-90A7-467C-B761-EC184EFE1F9F}.minimal|x86.ActiveCfg = Mono Release|x86
		{9936180C-90A7-467C-B761-EC184EFE1F9F}.minimal|x86.Build.0 = Mono Release|x86
		{9936180C-90A7-467C-B761-EC184EFE1F9F}.Mono Debug|Any CPU.ActiveCfg = Mono Debug|Any CPU
		{9936180C-90A7-467C-B761-EC184EFE1F9F}.Mono Debug|Any CPU.Build.0 = Mono Debug|Any CPU
		{9936180C-90A7-467C-B761-EC184EFE1F9F}.Mono Debug|x86.ActiveCfg = Mono Debug|x86
		{9936180C-90A7-467C-B761-EC184EFE1F9F}.Mono Debug|x86.Build.0 = Mono Debug|x86
		{9936180C-90A7-467C-B761-EC184EFE1F9F}.Mono Release|Any CPU.ActiveCfg = Mono Release|Any CPU
		{9936180C-90A7-467C-B761-EC184EFE1F9F}.Mono Release|x86.ActiveCfg = Mono Release|x86
		{9936180C-90A7-467C-B761-EC184EFE1F9F}.Mono Release|x86.Build.0 = Mono Release|x86
		{9936180C-90A7-467C-B761-EC184EFE1F9F}.Release|Any CPU.ActiveCfg = Release|Any CPU
		{9936180C-90A7-467C-B761-EC184EFE1F9F}.Release|Any CPU.Build.0 = Release|Any CPU
		{9936180C-90A7-467C-B761-EC184EFE1F9F}.Release|x86.ActiveCfg = Release|x86
		{9936180C-90A7-467C-B761-EC184EFE1F9F}.Release|x86.Build.0 = Release|x86
	EndGlobalSection
	GlobalSection(SolutionProperties) = preSolution
		HideSolutionNode = FALSE
	EndGlobalSection
	GlobalSection(ExtensibilityGlobals) = postSolution
		VisualSVNWorkingCopyRoot = ..
	EndGlobalSection
EndGlobal
